
Microsoft Visual Studio Solution File, Format Version 12.00
# Visual Studio 2015
Project("{FAE04EC0-301F-11D3-BF4B-00C04F79EFBC}") = "Voronoi.CSharp.Plugins", "Voronoi.CSharp.Plugins.csproj", "{8B02BD76-1E8D-F6EC-4A64-59A27ADFE026}"
EndProject
Project("{FAE04EC0-301F-11D3-BF4B-00C04F79EFBC}") = "Voronoi.CSharp", "Voronoi.CSharp.csproj", "{DDBD662B-D0B6-3CBA-A098-BD2FAB55B509}"
EndProject
Project("{FAE04EC0-301F-11D3-BF4B-00C04F79EFBC}") = "Voronoi.CSharp.Editor", "Voronoi.CSharp.Editor.csproj", "{B62DBB14-F335-0E82-6D22-D7045DA29E89}"
EndProject
Global
	GlobalSection(SolutionConfigurationPlatforms) = preSolution
		Debug|Any CPU = Debug|Any CPU
		Release|Any CPU = Release|Any CPU
	EndGlobalSection
	GlobalSection(ProjectConfigurationPlatforms) = postSolution
		{8B02BD76-1E8D-F6EC-4A64-59A27ADFE026}.Debug|Any CPU.ActiveCfg = Debug|Any CPU
		{8B02BD76-1E8D-F6EC-4A64-59A27ADFE026}.Debug|Any CPU.Build.0 = Debug|Any CPU
		{8B02BD76-1E8D-F6EC-4A64-59A27ADFE026}.Release|Any CPU.ActiveCfg = Release|Any CPU
		{8B02BD76-1E8D-F6EC-4A64-59A27ADFE026}.Release|Any CPU.Build.0 = Release|Any CPU
		{DDBD662B-D0B6-3CBA-A098-BD2FAB55B509}.Debug|Any CPU.ActiveCfg = Debug|Any CPU
		{DDBD662B-D0B6-3CBA-A098-BD2FAB55B509}.Debug|Any CPU.Build.0 = Debug|Any CPU
		{DDBD662B-D0B6-3CBA-A098-BD2FAB55B509}.Release|Any CPU.ActiveCfg = Release|Any CPU
		{DDBD662B-D0B6-3CBA-A098-BD2FAB55B509}.Release|Any CPU.Build.0 = Release|Any CPU
		{B62DBB14-F335-0E82-6D22-D7045DA29E89}.Debug|Any CPU.ActiveCfg = Debug|Any CPU
		{B62DBB14-F335-0E82-6D22-D7045DA29E89}.Debug|Any CPU.Build.0 = Debug|Any CPU
		{B62DBB14-F335-0E82-6D22-D7045DA29E89}.Release|Any CPU.ActiveCfg = Release|Any CPU
		{B62DBB14-F335-0E82-6D22-D7045DA29E89}.Release|Any CPU.Build.0 = Release|Any CPU
	EndGlobalSection
	GlobalSection(SolutionProperties) = preSolution
		HideSolutionNode = FALSE
	EndGlobalSection
EndGlobal
